
Microsoft Visual Studio Solution File, Format Version 12.00
# Visual Studio Version 16
VisualStudioVersion = 16.0.30104.148
MinimumVisualStudioVersion = 10.0.40219.1
Project("{2150E333-8FDC-42A3-9474-1A3956D46DE8}") = "App", "App", "{021AB07E-82A1-4A09-9EC4-3DDD96669B26}"
EndProject
Project("{2150E333-8FDC-42A3-9474-1A3956D46DE8}") = "ProductMicroservice", "ProductMicroservice", "{1E255AFA-D165-40A9-9D6C-A2F1C346FE5F}"
EndProject
Project("{2150E333-8FDC-42A3-9474-1A3956D46DE8}") = "SearchMicroservice", "SearchMicroservice", "{41C851A5-0043-4670-B0EB-5583172D832D}"
EndProject
Project("{2150E333-8FDC-42A3-9474-1A3956D46DE8}") = "CartMicroservice", "CartMicroservice", "{8052B66F-5A4F-4646-956E-8F67CE3846D9}"
EndProject
Project("{2150E333-8FDC-42A3-9474-1A3956D46DE8}") = "OrderMicroservice", "OrderMicroservice", "{43E60A3F-07E6-40EC-A485-A413A2526C79}"
EndProject
Project("{2150E333-8FDC-42A3-9474-1A3956D46DE8}") = "1 - Application", "1 - Application", "{1EF78F4C-57FE-49FC-86CF-CCF375133903}"
EndProject
Project("{2150E333-8FDC-42A3-9474-1A3956D46DE8}") = "2 - Domain", "2 - Domain", "{DDAA7189-21BD-4036-B69F-192490C9E3B6}"
EndProject
Project("{2150E333-8FDC-42A3-9474-1A3956D46DE8}") = "3 - Infra", "3 - Infra", "{63F18CFC-E187-47A1-BD00-081C2CE9AF3A}"
EndProject
Project("{FAE04EC0-301F-11D3-BF4B-00C04F79EFBC}") = "WorldStore.ProductMicroservice.Api", "WorldStore.ProductMicroservice.Api\WorldStore.ProductMicroservice.Api.csproj", "{9C843397-1E85-4846-856A-60930496F44F}"
EndProject
Project("{FAE04EC0-301F-11D3-BF4B-00C04F79EFBC}") = "WorldStore.ProductMicroservice.Domain", "WorldStore.ProductMicroservice.Domain\WorldStore.ProductMicroservice.Domain.csproj", "{9EECEC25-135A-440F-B490-29C3D2CC810A}"
EndProject
Project("{FAE04EC0-301F-11D3-BF4B-00C04F79EFBC}") = "WorldStore.ProductMicroservice.Infra", "WorldStore.ProductMicroservice.Infra\WorldStore.ProductMicroservice.Infra.csproj", "{A58461E5-10DE-4105-A8EE-8978B2360021}"
EndProject
Project("{2150E333-8FDC-42A3-9474-1A3956D46DE8}") = "0 - Presentation", "0 - Presentation", "{A9E7768E-99FB-448C-9490-04DECA7B12D0}"
EndProject
Project("{2150E333-8FDC-42A3-9474-1A3956D46DE8}") = "1 - Application", "1 - Application", "{3052F3C3-2E37-4919-A3E6-6986335708D3}"
EndProject
Project("{2150E333-8FDC-42A3-9474-1A3956D46DE8}") = "2 - Domain", "2 - Domain", "{44E1F8BF-B851-4802-BACF-908CD7BAD172}"
EndProject
Project("{2150E333-8FDC-42A3-9474-1A3956D46DE8}") = "3 - Infra", "3 - Infra", "{4FD9C440-7F38-428E-AD59-9EBA92E2E309}"
EndProject
Project("{2150E333-8FDC-42A3-9474-1A3956D46DE8}") = "Web", "Web", "{35D19294-7FAE-4E0B-B930-CFFB76E968E8}"
EndProject
Project("{2150E333-8FDC-42A3-9474-1A3956D46DE8}") = "Mobile", "Mobile", "{5A410831-DAEB-49B2-B9CE-9191F86D66B1}"
EndProject
Project("{2150E333-8FDC-42A3-9474-1A3956D46DE8}") = "Microservices", "Microservices", "{BEA1D37C-1C89-49F9-AD76-BF8A599C602D}"
EndProject
Global
	GlobalSection(SolutionConfigurationPlatforms) = preSolution
		Debug|Any CPU = Debug|Any CPU
		Release|Any CPU = Release|Any CPU
	EndGlobalSection
	GlobalSection(ProjectConfigurationPlatforms) = postSolution
		{9C843397-1E85-4846-856A-60930496F44F}.Debug|Any CPU.ActiveCfg = Debug|Any CPU
		{9C843397-1E85-4846-856A-60930496F44F}.Debug|Any CPU.Build.0 = Debug|Any CPU
		{9C843397-1E85-4846-856A-60930496F44F}.Release|Any CPU.ActiveCfg = Release|Any CPU
		{9C843397-1E85-4846-856A-60930496F44F}.Release|Any CPU.Build.0 = Release|Any CPU
		{9EECEC25-135A-440F-B490-29C3D2CC810A}.Debug|Any CPU.ActiveCfg = Debug|Any CPU
		{9EECEC25-135A-440F-B490-29C3D2CC810A}.Debug|Any CPU.Build.0 = Debug|Any CPU
		{9EECEC25-135A-440F-B490-29C3D2CC810A}.Release|Any CPU.ActiveCfg = Release|Any CPU
		{9EECEC25-135A-440F-B490-29C3D2CC810A}.Release|Any CPU.Build.0 = Release|Any CPU
		{A58461E5-10DE-4105-A8EE-8978B2360021}.Debug|Any CPU.ActiveCfg = Debug|Any CPU
		{A58461E5-10DE-4105-A8EE-8978B2360021}.Debug|Any CPU.Build.0 = Debug|Any CPU
		{A58461E5-10DE-4105-A8EE-8978B2360021}.Release|Any CPU.ActiveCfg = Release|Any CPU
		{A58461E5-10DE-4105-A8EE-8978B2360021}.Release|Any CPU.Build.0 = Release|Any CPU
	EndGlobalSection
	GlobalSection(SolutionProperties) = preSolution
		HideSolutionNode = FALSE
	EndGlobalSection
	GlobalSection(NestedProjects) = preSolution
		{1E255AFA-D165-40A9-9D6C-A2F1C346FE5F} = {BEA1D37C-1C89-49F9-AD76-BF8A599C602D}
		{41C851A5-0043-4670-B0EB-5583172D832D} = {BEA1D37C-1C89-49F9-AD76-BF8A599C602D}
		{8052B66F-5A4F-4646-956E-8F67CE3846D9} = {BEA1D37C-1C89-49F9-AD76-BF8A599C602D}
		{43E60A3F-07E6-40EC-A485-A413A2526C79} = {BEA1D37C-1C89-49F9-AD76-BF8A599C602D}
		{1EF78F4C-57FE-49FC-86CF-CCF375133903} = {1E255AFA-D165-40A9-9D6C-A2F1C346FE5F}
		{DDAA7189-21BD-4036-B69F-192490C9E3B6} = {1E255AFA-D165-40A9-9D6C-A2F1C346FE5F}
		{63F18CFC-E187-47A1-BD00-081C2CE9AF3A} = {1E255AFA-D165-40A9-9D6C-A2F1C346FE5F}
		{9C843397-1E85-4846-856A-60930496F44F} = {1EF78F4C-57FE-49FC-86CF-CCF375133903}
		{9EECEC25-135A-440F-B490-29C3D2CC810A} = {DDAA7189-21BD-4036-B69F-192490C9E3B6}
		{A58461E5-10DE-4105-A8EE-8978B2360021} = {63F18CFC-E187-47A1-BD00-081C2CE9AF3A}
		{A9E7768E-99FB-448C-9490-04DECA7B12D0} = {021AB07E-82A1-4A09-9EC4-3DDD96669B26}
		{3052F3C3-2E37-4919-A3E6-6986335708D3} = {021AB07E-82A1-4A09-9EC4-3DDD96669B26}
		{44E1F8BF-B851-4802-BACF-908CD7BAD172} = {021AB07E-82A1-4A09-9EC4-3DDD96669B26}
		{4FD9C440-7F38-428E-AD59-9EBA92E2E309} = {021AB07E-82A1-4A09-9EC4-3DDD96669B26}
		{35D19294-7FAE-4E0B-B930-CFFB76E968E8} = {A9E7768E-99FB-448C-9490-04DECA7B12D0}
		{5A410831-DAEB-49B2-B9CE-9191F86D66B1} = {A9E7768E-99FB-448C-9490-04DECA7B12D0}
	EndGlobalSection
	GlobalSection(ExtensibilityGlobals) = postSolution
		SolutionGuid = {7F1D5F47-22C8-4495-B84C-77E9D7B63401}
	EndGlobalSection
EndGlobal
