
Microsoft Visual Studio Solution File, Format Version 12.00
# Visual Studio Version 16
VisualStudioVersion = 16.0.30104.148
MinimumVisualStudioVersion = 10.0.40219.1
Project("{2150E333-8FDC-42A3-9474-1A3956D46DE8}") = "App", "App", "{021AB07E-82A1-4A09-9EC4-3DDD96669B26}"
EndProject
Project("{2150E333-8FDC-42A3-9474-1A3956D46DE8}") = "ProductMicroservice", "ProductMicroservice", "{1E255AFA-D165-40A9-9D6C-A2F1C346FE5F}"
EndProject
Project("{2150E333-8FDC-42A3-9474-1A3956D46DE8}") = "SearchMicroservice", "SearchMicroservice", "{41C851A5-0043-4670-B0EB-5583172D832D}"
EndProject
Project("{2150E333-8FDC-42A3-9474-1A3956D46DE8}") = "CartMicroservice", "CartMicroservice", "{8052B66F-5A4F-4646-956E-8F67CE3846D9}"
EndProject
Project("{2150E333-8FDC-42A3-9474-1A3956D46DE8}") = "OrderMicroservice", "OrderMicroservice", "{43E60A3F-07E6-40EC-A485-A413A2526C79}"
EndProject
Project("{2150E333-8FDC-42A3-9474-1A3956D46DE8}") = "1 - Application", "1 - Application", "{1EF78F4C-57FE-49FC-86CF-CCF375133903}"
EndProject
Project("{2150E333-8FDC-42A3-9474-1A3956D46DE8}") = "2 - Domain", "2 - Domain", "{DDAA7189-21BD-4036-B69F-192490C9E3B6}"
EndProject
Project("{2150E333-8FDC-42A3-9474-1A3956D46DE8}") = "3 - Infra", "3 - Infra", "{63F18CFC-E187-47A1-BD00-081C2CE9AF3A}"
EndProject
Project("{9A19103F-16F7-4668-BE54-9A1E7A4F7556}") = "WorldStore.ProductMicroservice.Api", "WorldStore.ProductMicroservice.Api\WorldStore.ProductMicroservice.Api.csproj", "{9C843397-1E85-4846-856A-60930496F44F}"
EndProject
Project("{9A19103F-16F7-4668-BE54-9A1E7A4F7556}") = "WorldStore.ProductMicroservice.Domain", "WorldStore.ProductMicroservice.Domain\WorldStore.ProductMicroservice.Domain.csproj", "{9EECEC25-135A-440F-B490-29C3D2CC810A}"
EndProject
Project("{9A19103F-16F7-4668-BE54-9A1E7A4F7556}") = "WorldStore.ProductMicroservice.Infra", "WorldStore.ProductMicroservice.Infra\WorldStore.ProductMicroservice.Infra.csproj", "{A58461E5-10DE-4105-A8EE-8978B2360021}"
EndProject
Project("{2150E333-8FDC-42A3-9474-1A3956D46DE8}") = "0 - Presentation", "0 - Presentation", "{A9E7768E-99FB-448C-9490-04DECA7B12D0}"
EndProject
Project("{2150E333-8FDC-42A3-9474-1A3956D46DE8}") = "1 - Application", "1 - Application", "{3052F3C3-2E37-4919-A3E6-6986335708D3}"
EndProject
Project("{2150E333-8FDC-42A3-9474-1A3956D46DE8}") = "2 - Domain", "2 - Domain", "{44E1F8BF-B851-4802-BACF-908CD7BAD172}"
EndProject
Project("{2150E333-8FDC-42A3-9474-1A3956D46DE8}") = "3 - Infra", "3 - Infra", "{4FD9C440-7F38-428E-AD59-9EBA92E2E309}"
EndProject
Project("{2150E333-8FDC-42A3-9474-1A3956D46DE8}") = "Web", "Web", "{35D19294-7FAE-4E0B-B930-CFFB76E968E8}"
EndProject
Project("{2150E333-8FDC-42A3-9474-1A3956D46DE8}") = "Mobile", "Mobile", "{5A410831-DAEB-49B2-B9CE-9191F86D66B1}"
EndProject
Project("{2150E333-8FDC-42A3-9474-1A3956D46DE8}") = "Microservices", "Microservices", "{BEA1D37C-1C89-49F9-AD76-BF8A599C602D}"
EndProject
Project("{9A19103F-16F7-4668-BE54-9A1E7A4F7556}") = "WorldStoreApp", "WorldStore.App.UI.Mobile\WorldStore.App.Mobile\WorldStoreApp.csproj", "{061C959C-6531-4DA2-B3A6-768C1EE750C8}"
EndProject
Project("{FAE04EC0-301F-11D3-BF4B-00C04F79EFBC}") = "WorldStoreApp.Android", "WorldStore.App.UI.Mobile\WorldStore.App.Mobile.Android\WorldStoreApp.Android.csproj", "{73E85E32-40EF-4B45-B966-86604F4B7DEB}"
EndProject
Project("{FAE04EC0-301F-11D3-BF4B-00C04F79EFBC}") = "WorldStoreApp.iOS", "WorldStore.App.UI.Mobile\WorldStore.App.Mobile.iOS\WorldStoreApp.iOS.csproj", "{69DF1C35-DEA9-4569-AC24-290A89CA9C41}"
EndProject
Project("{FAE04EC0-301F-11D3-BF4B-00C04F79EFBC}") = "WorldStoreApp.UWP", "WorldStore.App.UI.Mobile\WorldStore.App.Mobile.UWP\WorldStoreApp.UWP.csproj", "{DEA0DEA0-70BE-47AD-B6A2-1479CC8D9AA3}"
EndProject
Project("{9A19103F-16F7-4668-BE54-9A1E7A4F7556}") = "WorldStore.App.Domain", "WorldStore.App.Domain\WorldStore.App.Domain.csproj", "{E68A026F-2E7F-4E5B-B0A1-149C7F557556}"
EndProject
Project("{9A19103F-16F7-4668-BE54-9A1E7A4F7556}") = "WorldStore.App.Infra.DataAccess", "WorldStore.App.Infra.DataAccess\WorldStore.App.Infra.DataAccess.csproj", "{F3500AE4-E40A-46AF-ADF5-4EBE99EFDC28}"
EndProject
Project("{2150E333-8FDC-42A3-9474-1A3956D46DE8}") = "Common", "Common", "{3EAE8CAE-94EF-4853-AE53-A466A40D8FE5}"
EndProject
Project("{9A19103F-16F7-4668-BE54-9A1E7A4F7556}") = "WorldStore.Common.Domain", "WorldStore.Common.Domain\WorldStore.Common.Domain.csproj", "{8FE49628-B3D0-418A-8D49-AA3F1388783A}"
EndProject
Project("{9A19103F-16F7-4668-BE54-9A1E7A4F7556}") = "WorldStore.Common.Infra.DataAccess", "WorldStore.Common.Infra.DataAccess\WorldStore.Common.Infra.DataAccess.csproj", "{193559E8-D620-4F9D-AC4E-271F1EE772C0}"
EndProject
Project("{2150E333-8FDC-42A3-9474-1A3956D46DE8}") = "IamMicroservice", "IamMicroservice", "{F2649850-7E63-492F-92A1-FB7C7413D309}"
EndProject
Project("{9A19103F-16F7-4668-BE54-9A1E7A4F7556}") = "WorldStore.Microservices.IamMicroservice.Admin", "WorldStore.Microservices.IamMicroservice.Admin\WorldStore.Microservices.IamMicroservice.Admin.csproj", "{D755EA02-EC44-4E70-9CD4-D373E48E6BA0}"
EndProject
Project("{9A19103F-16F7-4668-BE54-9A1E7A4F7556}") = "WorldStore.Microservices.IamMicroservice.Admin.Api", "WorldStore.Microservices.IamMicroservice.Admin.Api\WorldStore.Microservices.IamMicroservice.Admin.Api.csproj", "{9EA5EB0A-C875-4AE5-8678-DF8BBCBB153D}"
EndProject
Project("{9A19103F-16F7-4668-BE54-9A1E7A4F7556}") = "WorldStore.Microservices.IamMicroservice.STS.Identity", "WorldStore.Microservices.IamMicroservice.STS.Identity\WorldStore.Microservices.IamMicroservice.STS.Identity.csproj", "{61FE021E-E321-4925-A6D7-A8DF121BEDBA}"
EndProject
Project("{9A19103F-16F7-4668-BE54-9A1E7A4F7556}") = "WorldStore.Microservices.IamMicroservice.Admin.EntityFramework.SqlServer", "WorldStore.Microservices.IamMicroservice.Admin.EntityFramework.SqlServer\WorldStore.Microservices.IamMicroservice.Admin.EntityFramework.SqlServer.csproj", "{7EDAF0B6-9F6A-4208-8AC0-1022284C4505}"
EndProject
Project("{9A19103F-16F7-4668-BE54-9A1E7A4F7556}") = "WorldStore.Microservices.IamMicroservice.Admin.EntityFramework.MySql", "WorldStore.Microservices.IamMicroservice.Admin.EntityFramework.MySql\WorldStore.Microservices.IamMicroservice.Admin.EntityFramework.MySql.csproj", "{BAFB8B84-896A-4B47-B4D8-43E3D41C3CCB}"
EndProject
Project("{9A19103F-16F7-4668-BE54-9A1E7A4F7556}") = "WorldStore.Microservices.IamMicroservice.Admin.EntityFramework.PostgreSQL", "WorldStore.Microservices.IamMicroservice.Admin.EntityFramework.PostgreSQL\WorldStore.Microservices.IamMicroservice.Admin.EntityFramework.PostgreSQL.csproj", "{7D27D0B4-7804-4921-BCBE-1D2A0D457499}"
EndProject
Project("{9A19103F-16F7-4668-BE54-9A1E7A4F7556}") = "WorldStore.Microservices.IamMicroservice.Admin.EntityFramework.Shared", "WorldStore.Microservices.IamMicroservice.Admin.EntityFramework.Shared\WorldStore.Microservices.IamMicroservice.Admin.EntityFramework.Shared.csproj", "{06B06285-FEBB-4279-B914-D7BCD4EFF8F5}"
EndProject
Project("{9A19103F-16F7-4668-BE54-9A1E7A4F7556}") = "WorldStore.App.UI.Console", "WorldStore.App.UI.Console\WorldStore.App.UI.Console.csproj", "{EFD4CF85-89F5-480C-AA0C-B8DEA78749D6}"
EndProject
Project("{2150E333-8FDC-42A3-9474-1A3956D46DE8}") = "Console", "Console", "{CF6787DC-B735-4A64-BF79-FE806A21E08C}"
EndProject
Project("{9A19103F-16F7-4668-BE54-9A1E7A4F7556}") = "WorldStore.App.UI.WebApp", "WorldStore.App.UI.WebApp\WorldStore.App.UI.WebApp.csproj", "{1125A7F2-753D-44AD-9502-6855EF3083C8}"
EndProject
Project("{2150E333-8FDC-42A3-9474-1A3956D46DE8}") = "ProcessOrderNanoFunction", "ProcessOrderNanoFunction", "{91B75732-811C-436B-A9B9-643FB7C63A0E}"
EndProject
Project("{FAE04EC0-301F-11D3-BF4B-00C04F79EFBC}") = "ProcessOrderProject", "ProcessOrderProject\ProcessOrderProject.csproj", "{86C0DA1B-3AC3-4231-875B-B9521D921068}"
EndProject
Project("{FAE04EC0-301F-11D3-BF4B-00C04F79EFBC}") = "WorldStore.App.Application", "WorldStore.App.Application\WorldStore.App.Application.csproj", "{4B1C467C-2BF0-4257-B2C3-A505E6221A37}"
EndProject
Global
	GlobalSection(SolutionConfigurationPlatforms) = preSolution
		Debug|Any CPU = Debug|Any CPU
		Debug|ARM = Debug|ARM
		Debug|iPhone = Debug|iPhone
		Debug|iPhoneSimulator = Debug|iPhoneSimulator
		Debug|x64 = Debug|x64
		Debug|x86 = Debug|x86
		Release|Any CPU = Release|Any CPU
		Release|ARM = Release|ARM
		Release|iPhone = Release|iPhone
		Release|iPhoneSimulator = Release|iPhoneSimulator
		Release|x64 = Release|x64
		Release|x86 = Release|x86
	EndGlobalSection
	GlobalSection(ProjectConfigurationPlatforms) = postSolution
		{9C843397-1E85-4846-856A-60930496F44F}.Debug|Any CPU.ActiveCfg = Debug|Any CPU
		{9C843397-1E85-4846-856A-60930496F44F}.Debug|Any CPU.Build.0 = Debug|Any CPU
		{9C843397-1E85-4846-856A-60930496F44F}.Debug|ARM.ActiveCfg = Debug|Any CPU
		{9C843397-1E85-4846-856A-60930496F44F}.Debug|ARM.Build.0 = Debug|Any CPU
		{9C843397-1E85-4846-856A-60930496F44F}.Debug|iPhone.ActiveCfg = Debug|Any CPU
		{9C843397-1E85-4846-856A-60930496F44F}.Debug|iPhone.Build.0 = Debug|Any CPU
		{9C843397-1E85-4846-856A-60930496F44F}.Debug|iPhoneSimulator.ActiveCfg = Debug|Any CPU
		{9C843397-1E85-4846-856A-60930496F44F}.Debug|iPhoneSimulator.Build.0 = Debug|Any CPU
		{9C843397-1E85-4846-856A-60930496F44F}.Debug|x64.ActiveCfg = Debug|Any CPU
		{9C843397-1E85-4846-856A-60930496F44F}.Debug|x64.Build.0 = Debug|Any CPU
		{9C843397-1E85-4846-856A-60930496F44F}.Debug|x86.ActiveCfg = Debug|Any CPU
		{9C843397-1E85-4846-856A-60930496F44F}.Debug|x86.Build.0 = Debug|Any CPU
		{9C843397-1E85-4846-856A-60930496F44F}.Release|Any CPU.ActiveCfg = Release|Any CPU
		{9C843397-1E85-4846-856A-60930496F44F}.Release|Any CPU.Build.0 = Release|Any CPU
		{9C843397-1E85-4846-856A-60930496F44F}.Release|ARM.ActiveCfg = Release|Any CPU
		{9C843397-1E85-4846-856A-60930496F44F}.Release|ARM.Build.0 = Release|Any CPU
		{9C843397-1E85-4846-856A-60930496F44F}.Release|iPhone.ActiveCfg = Release|Any CPU
		{9C843397-1E85-4846-856A-60930496F44F}.Release|iPhone.Build.0 = Release|Any CPU
		{9C843397-1E85-4846-856A-60930496F44F}.Release|iPhoneSimulator.ActiveCfg = Release|Any CPU
		{9C843397-1E85-4846-856A-60930496F44F}.Release|iPhoneSimulator.Build.0 = Release|Any CPU
		{9C843397-1E85-4846-856A-60930496F44F}.Release|x64.ActiveCfg = Release|Any CPU
		{9C843397-1E85-4846-856A-60930496F44F}.Release|x64.Build.0 = Release|Any CPU
		{9C843397-1E85-4846-856A-60930496F44F}.Release|x86.ActiveCfg = Release|Any CPU
		{9C843397-1E85-4846-856A-60930496F44F}.Release|x86.Build.0 = Release|Any CPU
		{9EECEC25-135A-440F-B490-29C3D2CC810A}.Debug|Any CPU.ActiveCfg = Debug|Any CPU
		{9EECEC25-135A-440F-B490-29C3D2CC810A}.Debug|Any CPU.Build.0 = Debug|Any CPU
		{9EECEC25-135A-440F-B490-29C3D2CC810A}.Debug|ARM.ActiveCfg = Debug|Any CPU
		{9EECEC25-135A-440F-B490-29C3D2CC810A}.Debug|ARM.Build.0 = Debug|Any CPU
		{9EECEC25-135A-440F-B490-29C3D2CC810A}.Debug|iPhone.ActiveCfg = Debug|Any CPU
		{9EECEC25-135A-440F-B490-29C3D2CC810A}.Debug|iPhone.Build.0 = Debug|Any CPU
		{9EECEC25-135A-440F-B490-29C3D2CC810A}.Debug|iPhoneSimulator.ActiveCfg = Debug|Any CPU
		{9EECEC25-135A-440F-B490-29C3D2CC810A}.Debug|iPhoneSimulator.Build.0 = Debug|Any CPU
		{9EECEC25-135A-440F-B490-29C3D2CC810A}.Debug|x64.ActiveCfg = Debug|Any CPU
		{9EECEC25-135A-440F-B490-29C3D2CC810A}.Debug|x64.Build.0 = Debug|Any CPU
		{9EECEC25-135A-440F-B490-29C3D2CC810A}.Debug|x86.ActiveCfg = Debug|Any CPU
		{9EECEC25-135A-440F-B490-29C3D2CC810A}.Debug|x86.Build.0 = Debug|Any CPU
		{9EECEC25-135A-440F-B490-29C3D2CC810A}.Release|Any CPU.ActiveCfg = Release|Any CPU
		{9EECEC25-135A-440F-B490-29C3D2CC810A}.Release|Any CPU.Build.0 = Release|Any CPU
		{9EECEC25-135A-440F-B490-29C3D2CC810A}.Release|ARM.ActiveCfg = Release|Any CPU
		{9EECEC25-135A-440F-B490-29C3D2CC810A}.Release|ARM.Build.0 = Release|Any CPU
		{9EECEC25-135A-440F-B490-29C3D2CC810A}.Release|iPhone.ActiveCfg = Release|Any CPU
		{9EECEC25-135A-440F-B490-29C3D2CC810A}.Release|iPhone.Build.0 = Release|Any CPU
		{9EECEC25-135A-440F-B490-29C3D2CC810A}.Release|iPhoneSimulator.ActiveCfg = Release|Any CPU
		{9EECEC25-135A-440F-B490-29C3D2CC810A}.Release|iPhoneSimulator.Build.0 = Release|Any CPU
		{9EECEC25-135A-440F-B490-29C3D2CC810A}.Release|x64.ActiveCfg = Release|Any CPU
		{9EECEC25-135A-440F-B490-29C3D2CC810A}.Release|x64.Build.0 = Release|Any CPU
		{9EECEC25-135A-440F-B490-29C3D2CC810A}.Release|x86.ActiveCfg = Release|Any CPU
		{9EECEC25-135A-440F-B490-29C3D2CC810A}.Release|x86.Build.0 = Release|Any CPU
		{A58461E5-10DE-4105-A8EE-8978B2360021}.Debug|Any CPU.ActiveCfg = Debug|Any CPU
		{A58461E5-10DE-4105-A8EE-8978B2360021}.Debug|Any CPU.Build.0 = Debug|Any CPU
		{A58461E5-10DE-4105-A8EE-8978B2360021}.Debug|ARM.ActiveCfg = Debug|Any CPU
		{A58461E5-10DE-4105-A8EE-8978B2360021}.Debug|ARM.Build.0 = Debug|Any CPU
		{A58461E5-10DE-4105-A8EE-8978B2360021}.Debug|iPhone.ActiveCfg = Debug|Any CPU
		{A58461E5-10DE-4105-A8EE-8978B2360021}.Debug|iPhone.Build.0 = Debug|Any CPU
		{A58461E5-10DE-4105-A8EE-8978B2360021}.Debug|iPhoneSimulator.ActiveCfg = Debug|Any CPU
		{A58461E5-10DE-4105-A8EE-8978B2360021}.Debug|iPhoneSimulator.Build.0 = Debug|Any CPU
		{A58461E5-10DE-4105-A8EE-8978B2360021}.Debug|x64.ActiveCfg = Debug|Any CPU
		{A58461E5-10DE-4105-A8EE-8978B2360021}.Debug|x64.Build.0 = Debug|Any CPU
		{A58461E5-10DE-4105-A8EE-8978B2360021}.Debug|x86.ActiveCfg = Debug|Any CPU
		{A58461E5-10DE-4105-A8EE-8978B2360021}.Debug|x86.Build.0 = Debug|Any CPU
		{A58461E5-10DE-4105-A8EE-8978B2360021}.Release|Any CPU.ActiveCfg = Release|Any CPU
		{A58461E5-10DE-4105-A8EE-8978B2360021}.Release|Any CPU.Build.0 = Release|Any CPU
		{A58461E5-10DE-4105-A8EE-8978B2360021}.Release|ARM.ActiveCfg = Release|Any CPU
		{A58461E5-10DE-4105-A8EE-8978B2360021}.Release|ARM.Build.0 = Release|Any CPU
		{A58461E5-10DE-4105-A8EE-8978B2360021}.Release|iPhone.ActiveCfg = Release|Any CPU
		{A58461E5-10DE-4105-A8EE-8978B2360021}.Release|iPhone.Build.0 = Release|Any CPU
		{A58461E5-10DE-4105-A8EE-8978B2360021}.Release|iPhoneSimulator.ActiveCfg = Release|Any CPU
		{A58461E5-10DE-4105-A8EE-8978B2360021}.Release|iPhoneSimulator.Build.0 = Release|Any CPU
		{A58461E5-10DE-4105-A8EE-8978B2360021}.Release|x64.ActiveCfg = Release|Any CPU
		{A58461E5-10DE-4105-A8EE-8978B2360021}.Release|x64.Build.0 = Release|Any CPU
		{A58461E5-10DE-4105-A8EE-8978B2360021}.Release|x86.ActiveCfg = Release|Any CPU
		{A58461E5-10DE-4105-A8EE-8978B2360021}.Release|x86.Build.0 = Release|Any CPU
		{061C959C-6531-4DA2-B3A6-768C1EE750C8}.Debug|Any CPU.ActiveCfg = Debug|Any CPU
		{061C959C-6531-4DA2-B3A6-768C1EE750C8}.Debug|Any CPU.Build.0 = Debug|Any CPU
		{061C959C-6531-4DA2-B3A6-768C1EE750C8}.Debug|ARM.ActiveCfg = Debug|Any CPU
		{061C959C-6531-4DA2-B3A6-768C1EE750C8}.Debug|ARM.Build.0 = Debug|Any CPU
		{061C959C-6531-4DA2-B3A6-768C1EE750C8}.Debug|iPhone.ActiveCfg = Debug|Any CPU
		{061C959C-6531-4DA2-B3A6-768C1EE750C8}.Debug|iPhone.Build.0 = Debug|Any CPU
		{061C959C-6531-4DA2-B3A6-768C1EE750C8}.Debug|iPhoneSimulator.ActiveCfg = Debug|Any CPU
		{061C959C-6531-4DA2-B3A6-768C1EE750C8}.Debug|iPhoneSimulator.Build.0 = Debug|Any CPU
		{061C959C-6531-4DA2-B3A6-768C1EE750C8}.Debug|x64.ActiveCfg = Debug|Any CPU
		{061C959C-6531-4DA2-B3A6-768C1EE750C8}.Debug|x64.Build.0 = Debug|Any CPU
		{061C959C-6531-4DA2-B3A6-768C1EE750C8}.Debug|x86.ActiveCfg = Debug|Any CPU
		{061C959C-6531-4DA2-B3A6-768C1EE750C8}.Debug|x86.Build.0 = Debug|Any CPU
		{061C959C-6531-4DA2-B3A6-768C1EE750C8}.Release|Any CPU.ActiveCfg = Release|Any CPU
		{061C959C-6531-4DA2-B3A6-768C1EE750C8}.Release|Any CPU.Build.0 = Release|Any CPU
		{061C959C-6531-4DA2-B3A6-768C1EE750C8}.Release|ARM.ActiveCfg = Release|Any CPU
		{061C959C-6531-4DA2-B3A6-768C1EE750C8}.Release|ARM.Build.0 = Release|Any CPU
		{061C959C-6531-4DA2-B3A6-768C1EE750C8}.Release|iPhone.ActiveCfg = Release|Any CPU
		{061C959C-6531-4DA2-B3A6-768C1EE750C8}.Release|iPhone.Build.0 = Release|Any CPU
		{061C959C-6531-4DA2-B3A6-768C1EE750C8}.Release|iPhoneSimulator.ActiveCfg = Release|Any CPU
		{061C959C-6531-4DA2-B3A6-768C1EE750C8}.Release|iPhoneSimulator.Build.0 = Release|Any CPU
		{061C959C-6531-4DA2-B3A6-768C1EE750C8}.Release|x64.ActiveCfg = Release|Any CPU
		{061C959C-6531-4DA2-B3A6-768C1EE750C8}.Release|x64.Build.0 = Release|Any CPU
		{061C959C-6531-4DA2-B3A6-768C1EE750C8}.Release|x86.ActiveCfg = Release|Any CPU
		{061C959C-6531-4DA2-B3A6-768C1EE750C8}.Release|x86.Build.0 = Release|Any CPU
		{73E85E32-40EF-4B45-B966-86604F4B7DEB}.Debug|Any CPU.ActiveCfg = Debug|Any CPU
		{73E85E32-40EF-4B45-B966-86604F4B7DEB}.Debug|Any CPU.Build.0 = Debug|Any CPU
		{73E85E32-40EF-4B45-B966-86604F4B7DEB}.Debug|Any CPU.Deploy.0 = Debug|Any CPU
		{73E85E32-40EF-4B45-B966-86604F4B7DEB}.Debug|ARM.ActiveCfg = Debug|Any CPU
		{73E85E32-40EF-4B45-B966-86604F4B7DEB}.Debug|ARM.Build.0 = Debug|Any CPU
		{73E85E32-40EF-4B45-B966-86604F4B7DEB}.Debug|ARM.Deploy.0 = Debug|Any CPU
		{73E85E32-40EF-4B45-B966-86604F4B7DEB}.Debug|iPhone.ActiveCfg = Debug|Any CPU
		{73E85E32-40EF-4B45-B966-86604F4B7DEB}.Debug|iPhone.Build.0 = Debug|Any CPU
		{73E85E32-40EF-4B45-B966-86604F4B7DEB}.Debug|iPhone.Deploy.0 = Debug|Any CPU
		{73E85E32-40EF-4B45-B966-86604F4B7DEB}.Debug|iPhoneSimulator.ActiveCfg = Debug|Any CPU
		{73E85E32-40EF-4B45-B966-86604F4B7DEB}.Debug|iPhoneSimulator.Build.0 = Debug|Any CPU
		{73E85E32-40EF-4B45-B966-86604F4B7DEB}.Debug|iPhoneSimulator.Deploy.0 = Debug|Any CPU
		{73E85E32-40EF-4B45-B966-86604F4B7DEB}.Debug|x64.ActiveCfg = Debug|Any CPU
		{73E85E32-40EF-4B45-B966-86604F4B7DEB}.Debug|x64.Build.0 = Debug|Any CPU
		{73E85E32-40EF-4B45-B966-86604F4B7DEB}.Debug|x64.Deploy.0 = Debug|Any CPU
		{73E85E32-40EF-4B45-B966-86604F4B7DEB}.Debug|x86.ActiveCfg = Debug|Any CPU
		{73E85E32-40EF-4B45-B966-86604F4B7DEB}.Debug|x86.Build.0 = Debug|Any CPU
		{73E85E32-40EF-4B45-B966-86604F4B7DEB}.Debug|x86.Deploy.0 = Debug|Any CPU
		{73E85E32-40EF-4B45-B966-86604F4B7DEB}.Release|Any CPU.ActiveCfg = Release|Any CPU
		{73E85E32-40EF-4B45-B966-86604F4B7DEB}.Release|Any CPU.Build.0 = Release|Any CPU
		{73E85E32-40EF-4B45-B966-86604F4B7DEB}.Release|Any CPU.Deploy.0 = Release|Any CPU
		{73E85E32-40EF-4B45-B966-86604F4B7DEB}.Release|ARM.ActiveCfg = Release|Any CPU
		{73E85E32-40EF-4B45-B966-86604F4B7DEB}.Release|ARM.Build.0 = Release|Any CPU
		{73E85E32-40EF-4B45-B966-86604F4B7DEB}.Release|ARM.Deploy.0 = Release|Any CPU
		{73E85E32-40EF-4B45-B966-86604F4B7DEB}.Release|iPhone.ActiveCfg = Release|Any CPU
		{73E85E32-40EF-4B45-B966-86604F4B7DEB}.Release|iPhone.Build.0 = Release|Any CPU
		{73E85E32-40EF-4B45-B966-86604F4B7DEB}.Release|iPhone.Deploy.0 = Release|Any CPU
		{73E85E32-40EF-4B45-B966-86604F4B7DEB}.Release|iPhoneSimulator.ActiveCfg = Release|Any CPU
		{73E85E32-40EF-4B45-B966-86604F4B7DEB}.Release|iPhoneSimulator.Build.0 = Release|Any CPU
		{73E85E32-40EF-4B45-B966-86604F4B7DEB}.Release|iPhoneSimulator.Deploy.0 = Release|Any CPU
		{73E85E32-40EF-4B45-B966-86604F4B7DEB}.Release|x64.ActiveCfg = Release|Any CPU
		{73E85E32-40EF-4B45-B966-86604F4B7DEB}.Release|x64.Build.0 = Release|Any CPU
		{73E85E32-40EF-4B45-B966-86604F4B7DEB}.Release|x64.Deploy.0 = Release|Any CPU
		{73E85E32-40EF-4B45-B966-86604F4B7DEB}.Release|x86.ActiveCfg = Release|Any CPU
		{73E85E32-40EF-4B45-B966-86604F4B7DEB}.Release|x86.Build.0 = Release|Any CPU
		{73E85E32-40EF-4B45-B966-86604F4B7DEB}.Release|x86.Deploy.0 = Release|Any CPU
		{69DF1C35-DEA9-4569-AC24-290A89CA9C41}.Debug|Any CPU.ActiveCfg = Debug|iPhone
		{69DF1C35-DEA9-4569-AC24-290A89CA9C41}.Debug|ARM.ActiveCfg = Debug|iPhone
		{69DF1C35-DEA9-4569-AC24-290A89CA9C41}.Debug|iPhone.ActiveCfg = Debug|iPhone
		{69DF1C35-DEA9-4569-AC24-290A89CA9C41}.Debug|iPhone.Build.0 = Debug|iPhone
		{69DF1C35-DEA9-4569-AC24-290A89CA9C41}.Debug|iPhoneSimulator.ActiveCfg = Debug|iPhoneSimulator
		{69DF1C35-DEA9-4569-AC24-290A89CA9C41}.Debug|iPhoneSimulator.Build.0 = Debug|iPhoneSimulator
		{69DF1C35-DEA9-4569-AC24-290A89CA9C41}.Debug|x64.ActiveCfg = Debug|iPhone
		{69DF1C35-DEA9-4569-AC24-290A89CA9C41}.Debug|x86.ActiveCfg = Debug|iPhone
		{69DF1C35-DEA9-4569-AC24-290A89CA9C41}.Release|Any CPU.ActiveCfg = Release|iPhone
		{69DF1C35-DEA9-4569-AC24-290A89CA9C41}.Release|ARM.ActiveCfg = Release|iPhone
		{69DF1C35-DEA9-4569-AC24-290A89CA9C41}.Release|iPhone.ActiveCfg = Release|iPhone
		{69DF1C35-DEA9-4569-AC24-290A89CA9C41}.Release|iPhone.Build.0 = Release|iPhone
		{69DF1C35-DEA9-4569-AC24-290A89CA9C41}.Release|iPhoneSimulator.ActiveCfg = Release|iPhoneSimulator
		{69DF1C35-DEA9-4569-AC24-290A89CA9C41}.Release|iPhoneSimulator.Build.0 = Release|iPhoneSimulator
		{69DF1C35-DEA9-4569-AC24-290A89CA9C41}.Release|x64.ActiveCfg = Release|iPhone
		{69DF1C35-DEA9-4569-AC24-290A89CA9C41}.Release|x86.ActiveCfg = Release|iPhone
		{DEA0DEA0-70BE-47AD-B6A2-1479CC8D9AA3}.Debug|Any CPU.ActiveCfg = Debug|x86
		{DEA0DEA0-70BE-47AD-B6A2-1479CC8D9AA3}.Debug|ARM.ActiveCfg = Debug|ARM
		{DEA0DEA0-70BE-47AD-B6A2-1479CC8D9AA3}.Debug|ARM.Build.0 = Debug|ARM
		{DEA0DEA0-70BE-47AD-B6A2-1479CC8D9AA3}.Debug|ARM.Deploy.0 = Debug|ARM
		{DEA0DEA0-70BE-47AD-B6A2-1479CC8D9AA3}.Debug|iPhone.ActiveCfg = Debug|x86
		{DEA0DEA0-70BE-47AD-B6A2-1479CC8D9AA3}.Debug|iPhoneSimulator.ActiveCfg = Debug|x86
		{DEA0DEA0-70BE-47AD-B6A2-1479CC8D9AA3}.Debug|x64.ActiveCfg = Debug|x64
		{DEA0DEA0-70BE-47AD-B6A2-1479CC8D9AA3}.Debug|x64.Build.0 = Debug|x64
		{DEA0DEA0-70BE-47AD-B6A2-1479CC8D9AA3}.Debug|x64.Deploy.0 = Debug|x64
		{DEA0DEA0-70BE-47AD-B6A2-1479CC8D9AA3}.Debug|x86.ActiveCfg = Debug|x86
		{DEA0DEA0-70BE-47AD-B6A2-1479CC8D9AA3}.Debug|x86.Build.0 = Debug|x86
		{DEA0DEA0-70BE-47AD-B6A2-1479CC8D9AA3}.Debug|x86.Deploy.0 = Debug|x86
		{DEA0DEA0-70BE-47AD-B6A2-1479CC8D9AA3}.Release|Any CPU.ActiveCfg = Release|x86
		{DEA0DEA0-70BE-47AD-B6A2-1479CC8D9AA3}.Release|ARM.ActiveCfg = Release|ARM
		{DEA0DEA0-70BE-47AD-B6A2-1479CC8D9AA3}.Release|ARM.Build.0 = Release|ARM
		{DEA0DEA0-70BE-47AD-B6A2-1479CC8D9AA3}.Release|ARM.Deploy.0 = Release|ARM
		{DEA0DEA0-70BE-47AD-B6A2-1479CC8D9AA3}.Release|iPhone.ActiveCfg = Release|x86
		{DEA0DEA0-70BE-47AD-B6A2-1479CC8D9AA3}.Release|iPhoneSimulator.ActiveCfg = Release|x86
		{DEA0DEA0-70BE-47AD-B6A2-1479CC8D9AA3}.Release|x64.ActiveCfg = Release|x64
		{DEA0DEA0-70BE-47AD-B6A2-1479CC8D9AA3}.Release|x64.Build.0 = Release|x64
		{DEA0DEA0-70BE-47AD-B6A2-1479CC8D9AA3}.Release|x64.Deploy.0 = Release|x64
		{DEA0DEA0-70BE-47AD-B6A2-1479CC8D9AA3}.Release|x86.ActiveCfg = Release|x86
		{DEA0DEA0-70BE-47AD-B6A2-1479CC8D9AA3}.Release|x86.Build.0 = Release|x86
		{DEA0DEA0-70BE-47AD-B6A2-1479CC8D9AA3}.Release|x86.Deploy.0 = Release|x86
		{E68A026F-2E7F-4E5B-B0A1-149C7F557556}.Debug|Any CPU.ActiveCfg = Debug|Any CPU
		{E68A026F-2E7F-4E5B-B0A1-149C7F557556}.Debug|Any CPU.Build.0 = Debug|Any CPU
		{E68A026F-2E7F-4E5B-B0A1-149C7F557556}.Debug|ARM.ActiveCfg = Debug|Any CPU
		{E68A026F-2E7F-4E5B-B0A1-149C7F557556}.Debug|ARM.Build.0 = Debug|Any CPU
		{E68A026F-2E7F-4E5B-B0A1-149C7F557556}.Debug|iPhone.ActiveCfg = Debug|Any CPU
		{E68A026F-2E7F-4E5B-B0A1-149C7F557556}.Debug|iPhone.Build.0 = Debug|Any CPU
		{E68A026F-2E7F-4E5B-B0A1-149C7F557556}.Debug|iPhoneSimulator.ActiveCfg = Debug|Any CPU
		{E68A026F-2E7F-4E5B-B0A1-149C7F557556}.Debug|iPhoneSimulator.Build.0 = Debug|Any CPU
		{E68A026F-2E7F-4E5B-B0A1-149C7F557556}.Debug|x64.ActiveCfg = Debug|Any CPU
		{E68A026F-2E7F-4E5B-B0A1-149C7F557556}.Debug|x64.Build.0 = Debug|Any CPU
		{E68A026F-2E7F-4E5B-B0A1-149C7F557556}.Debug|x86.ActiveCfg = Debug|Any CPU
		{E68A026F-2E7F-4E5B-B0A1-149C7F557556}.Debug|x86.Build.0 = Debug|Any CPU
		{E68A026F-2E7F-4E5B-B0A1-149C7F557556}.Release|Any CPU.ActiveCfg = Release|Any CPU
		{E68A026F-2E7F-4E5B-B0A1-149C7F557556}.Release|Any CPU.Build.0 = Release|Any CPU
		{E68A026F-2E7F-4E5B-B0A1-149C7F557556}.Release|ARM.ActiveCfg = Release|Any CPU
		{E68A026F-2E7F-4E5B-B0A1-149C7F557556}.Release|ARM.Build.0 = Release|Any CPU
		{E68A026F-2E7F-4E5B-B0A1-149C7F557556}.Release|iPhone.ActiveCfg = Release|Any CPU
		{E68A026F-2E7F-4E5B-B0A1-149C7F557556}.Release|iPhone.Build.0 = Release|Any CPU
		{E68A026F-2E7F-4E5B-B0A1-149C7F557556}.Release|iPhoneSimulator.ActiveCfg = Release|Any CPU
		{E68A026F-2E7F-4E5B-B0A1-149C7F557556}.Release|iPhoneSimulator.Build.0 = Release|Any CPU
		{E68A026F-2E7F-4E5B-B0A1-149C7F557556}.Release|x64.ActiveCfg = Release|Any CPU
		{E68A026F-2E7F-4E5B-B0A1-149C7F557556}.Release|x64.Build.0 = Release|Any CPU
		{E68A026F-2E7F-4E5B-B0A1-149C7F557556}.Release|x86.ActiveCfg = Release|Any CPU
		{E68A026F-2E7F-4E5B-B0A1-149C7F557556}.Release|x86.Build.0 = Release|Any CPU
		{F3500AE4-E40A-46AF-ADF5-4EBE99EFDC28}.Debug|Any CPU.ActiveCfg = Debug|Any CPU
		{F3500AE4-E40A-46AF-ADF5-4EBE99EFDC28}.Debug|Any CPU.Build.0 = Debug|Any CPU
		{F3500AE4-E40A-46AF-ADF5-4EBE99EFDC28}.Debug|ARM.ActiveCfg = Debug|Any CPU
		{F3500AE4-E40A-46AF-ADF5-4EBE99EFDC28}.Debug|ARM.Build.0 = Debug|Any CPU
		{F3500AE4-E40A-46AF-ADF5-4EBE99EFDC28}.Debug|iPhone.ActiveCfg = Debug|Any CPU
		{F3500AE4-E40A-46AF-ADF5-4EBE99EFDC28}.Debug|iPhone.Build.0 = Debug|Any CPU
		{F3500AE4-E40A-46AF-ADF5-4EBE99EFDC28}.Debug|iPhoneSimulator.ActiveCfg = Debug|Any CPU
		{F3500AE4-E40A-46AF-ADF5-4EBE99EFDC28}.Debug|iPhoneSimulator.Build.0 = Debug|Any CPU
		{F3500AE4-E40A-46AF-ADF5-4EBE99EFDC28}.Debug|x64.ActiveCfg = Debug|Any CPU
		{F3500AE4-E40A-46AF-ADF5-4EBE99EFDC28}.Debug|x64.Build.0 = Debug|Any CPU
		{F3500AE4-E40A-46AF-ADF5-4EBE99EFDC28}.Debug|x86.ActiveCfg = Debug|Any CPU
		{F3500AE4-E40A-46AF-ADF5-4EBE99EFDC28}.Debug|x86.Build.0 = Debug|Any CPU
		{F3500AE4-E40A-46AF-ADF5-4EBE99EFDC28}.Release|Any CPU.ActiveCfg = Release|Any CPU
		{F3500AE4-E40A-46AF-ADF5-4EBE99EFDC28}.Release|Any CPU.Build.0 = Release|Any CPU
		{F3500AE4-E40A-46AF-ADF5-4EBE99EFDC28}.Release|ARM.ActiveCfg = Release|Any CPU
		{F3500AE4-E40A-46AF-ADF5-4EBE99EFDC28}.Release|ARM.Build.0 = Release|Any CPU
		{F3500AE4-E40A-46AF-ADF5-4EBE99EFDC28}.Release|iPhone.ActiveCfg = Release|Any CPU
		{F3500AE4-E40A-46AF-ADF5-4EBE99EFDC28}.Release|iPhone.Build.0 = Release|Any CPU
		{F3500AE4-E40A-46AF-ADF5-4EBE99EFDC28}.Release|iPhoneSimulator.ActiveCfg = Release|Any CPU
		{F3500AE4-E40A-46AF-ADF5-4EBE99EFDC28}.Release|iPhoneSimulator.Build.0 = Release|Any CPU
		{F3500AE4-E40A-46AF-ADF5-4EBE99EFDC28}.Release|x64.ActiveCfg = Release|Any CPU
		{F3500AE4-E40A-46AF-ADF5-4EBE99EFDC28}.Release|x64.Build.0 = Release|Any CPU
		{F3500AE4-E40A-46AF-ADF5-4EBE99EFDC28}.Release|x86.ActiveCfg = Release|Any CPU
		{F3500AE4-E40A-46AF-ADF5-4EBE99EFDC28}.Release|x86.Build.0 = Release|Any CPU
		{8FE49628-B3D0-418A-8D49-AA3F1388783A}.Debug|Any CPU.ActiveCfg = Debug|Any CPU
		{8FE49628-B3D0-418A-8D49-AA3F1388783A}.Debug|Any CPU.Build.0 = Debug|Any CPU
		{8FE49628-B3D0-418A-8D49-AA3F1388783A}.Debug|ARM.ActiveCfg = Debug|Any CPU
		{8FE49628-B3D0-418A-8D49-AA3F1388783A}.Debug|ARM.Build.0 = Debug|Any CPU
		{8FE49628-B3D0-418A-8D49-AA3F1388783A}.Debug|iPhone.ActiveCfg = Debug|Any CPU
		{8FE49628-B3D0-418A-8D49-AA3F1388783A}.Debug|iPhone.Build.0 = Debug|Any CPU
		{8FE49628-B3D0-418A-8D49-AA3F1388783A}.Debug|iPhoneSimulator.ActiveCfg = Debug|Any CPU
		{8FE49628-B3D0-418A-8D49-AA3F1388783A}.Debug|iPhoneSimulator.Build.0 = Debug|Any CPU
		{8FE49628-B3D0-418A-8D49-AA3F1388783A}.Debug|x64.ActiveCfg = Debug|Any CPU
		{8FE49628-B3D0-418A-8D49-AA3F1388783A}.Debug|x64.Build.0 = Debug|Any CPU
		{8FE49628-B3D0-418A-8D49-AA3F1388783A}.Debug|x86.ActiveCfg = Debug|Any CPU
		{8FE49628-B3D0-418A-8D49-AA3F1388783A}.Debug|x86.Build.0 = Debug|Any CPU
		{8FE49628-B3D0-418A-8D49-AA3F1388783A}.Release|Any CPU.ActiveCfg = Release|Any CPU
		{8FE49628-B3D0-418A-8D49-AA3F1388783A}.Release|Any CPU.Build.0 = Release|Any CPU
		{8FE49628-B3D0-418A-8D49-AA3F1388783A}.Release|ARM.ActiveCfg = Release|Any CPU
		{8FE49628-B3D0-418A-8D49-AA3F1388783A}.Release|ARM.Build.0 = Release|Any CPU
		{8FE49628-B3D0-418A-8D49-AA3F1388783A}.Release|iPhone.ActiveCfg = Release|Any CPU
		{8FE49628-B3D0-418A-8D49-AA3F1388783A}.Release|iPhone.Build.0 = Release|Any CPU
		{8FE49628-B3D0-418A-8D49-AA3F1388783A}.Release|iPhoneSimulator.ActiveCfg = Release|Any CPU
		{8FE49628-B3D0-418A-8D49-AA3F1388783A}.Release|iPhoneSimulator.Build.0 = Release|Any CPU
		{8FE49628-B3D0-418A-8D49-AA3F1388783A}.Release|x64.ActiveCfg = Release|Any CPU
		{8FE49628-B3D0-418A-8D49-AA3F1388783A}.Release|x64.Build.0 = Release|Any CPU
		{8FE49628-B3D0-418A-8D49-AA3F1388783A}.Release|x86.ActiveCfg = Release|Any CPU
		{8FE49628-B3D0-418A-8D49-AA3F1388783A}.Release|x86.Build.0 = Release|Any CPU
		{193559E8-D620-4F9D-AC4E-271F1EE772C0}.Debug|Any CPU.ActiveCfg = Debug|Any CPU
		{193559E8-D620-4F9D-AC4E-271F1EE772C0}.Debug|Any CPU.Build.0 = Debug|Any CPU
		{193559E8-D620-4F9D-AC4E-271F1EE772C0}.Debug|ARM.ActiveCfg = Debug|Any CPU
		{193559E8-D620-4F9D-AC4E-271F1EE772C0}.Debug|ARM.Build.0 = Debug|Any CPU
		{193559E8-D620-4F9D-AC4E-271F1EE772C0}.Debug|iPhone.ActiveCfg = Debug|Any CPU
		{193559E8-D620-4F9D-AC4E-271F1EE772C0}.Debug|iPhone.Build.0 = Debug|Any CPU
		{193559E8-D620-4F9D-AC4E-271F1EE772C0}.Debug|iPhoneSimulator.ActiveCfg = Debug|Any CPU
		{193559E8-D620-4F9D-AC4E-271F1EE772C0}.Debug|iPhoneSimulator.Build.0 = Debug|Any CPU
		{193559E8-D620-4F9D-AC4E-271F1EE772C0}.Debug|x64.ActiveCfg = Debug|Any CPU
		{193559E8-D620-4F9D-AC4E-271F1EE772C0}.Debug|x64.Build.0 = Debug|Any CPU
		{193559E8-D620-4F9D-AC4E-271F1EE772C0}.Debug|x86.ActiveCfg = Debug|Any CPU
		{193559E8-D620-4F9D-AC4E-271F1EE772C0}.Debug|x86.Build.0 = Debug|Any CPU
		{193559E8-D620-4F9D-AC4E-271F1EE772C0}.Release|Any CPU.ActiveCfg = Release|Any CPU
		{193559E8-D620-4F9D-AC4E-271F1EE772C0}.Release|Any CPU.Build.0 = Release|Any CPU
		{193559E8-D620-4F9D-AC4E-271F1EE772C0}.Release|ARM.ActiveCfg = Release|Any CPU
		{193559E8-D620-4F9D-AC4E-271F1EE772C0}.Release|ARM.Build.0 = Release|Any CPU
		{193559E8-D620-4F9D-AC4E-271F1EE772C0}.Release|iPhone.ActiveCfg = Release|Any CPU
		{193559E8-D620-4F9D-AC4E-271F1EE772C0}.Release|iPhone.Build.0 = Release|Any CPU
		{193559E8-D620-4F9D-AC4E-271F1EE772C0}.Release|iPhoneSimulator.ActiveCfg = Release|Any CPU
		{193559E8-D620-4F9D-AC4E-271F1EE772C0}.Release|iPhoneSimulator.Build.0 = Release|Any CPU
		{193559E8-D620-4F9D-AC4E-271F1EE772C0}.Release|x64.ActiveCfg = Release|Any CPU
		{193559E8-D620-4F9D-AC4E-271F1EE772C0}.Release|x64.Build.0 = Release|Any CPU
		{193559E8-D620-4F9D-AC4E-271F1EE772C0}.Release|x86.ActiveCfg = Release|Any CPU
		{193559E8-D620-4F9D-AC4E-271F1EE772C0}.Release|x86.Build.0 = Release|Any CPU
		{D755EA02-EC44-4E70-9CD4-D373E48E6BA0}.Debug|Any CPU.ActiveCfg = Debug|Any CPU
		{D755EA02-EC44-4E70-9CD4-D373E48E6BA0}.Debug|Any CPU.Build.0 = Debug|Any CPU
		{D755EA02-EC44-4E70-9CD4-D373E48E6BA0}.Debug|ARM.ActiveCfg = Debug|Any CPU
		{D755EA02-EC44-4E70-9CD4-D373E48E6BA0}.Debug|ARM.Build.0 = Debug|Any CPU
		{D755EA02-EC44-4E70-9CD4-D373E48E6BA0}.Debug|iPhone.ActiveCfg = Debug|Any CPU
		{D755EA02-EC44-4E70-9CD4-D373E48E6BA0}.Debug|iPhone.Build.0 = Debug|Any CPU
		{D755EA02-EC44-4E70-9CD4-D373E48E6BA0}.Debug|iPhoneSimulator.ActiveCfg = Debug|Any CPU
		{D755EA02-EC44-4E70-9CD4-D373E48E6BA0}.Debug|iPhoneSimulator.Build.0 = Debug|Any CPU
		{D755EA02-EC44-4E70-9CD4-D373E48E6BA0}.Debug|x64.ActiveCfg = Debug|Any CPU
		{D755EA02-EC44-4E70-9CD4-D373E48E6BA0}.Debug|x64.Build.0 = Debug|Any CPU
		{D755EA02-EC44-4E70-9CD4-D373E48E6BA0}.Debug|x86.ActiveCfg = Debug|Any CPU
		{D755EA02-EC44-4E70-9CD4-D373E48E6BA0}.Debug|x86.Build.0 = Debug|Any CPU
		{D755EA02-EC44-4E70-9CD4-D373E48E6BA0}.Release|Any CPU.ActiveCfg = Release|Any CPU
		{D755EA02-EC44-4E70-9CD4-D373E48E6BA0}.Release|Any CPU.Build.0 = Release|Any CPU
		{D755EA02-EC44-4E70-9CD4-D373E48E6BA0}.Release|ARM.ActiveCfg = Release|Any CPU
		{D755EA02-EC44-4E70-9CD4-D373E48E6BA0}.Release|ARM.Build.0 = Release|Any CPU
		{D755EA02-EC44-4E70-9CD4-D373E48E6BA0}.Release|iPhone.ActiveCfg = Release|Any CPU
		{D755EA02-EC44-4E70-9CD4-D373E48E6BA0}.Release|iPhone.Build.0 = Release|Any CPU
		{D755EA02-EC44-4E70-9CD4-D373E48E6BA0}.Release|iPhoneSimulator.ActiveCfg = Release|Any CPU
		{D755EA02-EC44-4E70-9CD4-D373E48E6BA0}.Release|iPhoneSimulator.Build.0 = Release|Any CPU
		{D755EA02-EC44-4E70-9CD4-D373E48E6BA0}.Release|x64.ActiveCfg = Release|Any CPU
		{D755EA02-EC44-4E70-9CD4-D373E48E6BA0}.Release|x64.Build.0 = Release|Any CPU
		{D755EA02-EC44-4E70-9CD4-D373E48E6BA0}.Release|x86.ActiveCfg = Release|Any CPU
		{D755EA02-EC44-4E70-9CD4-D373E48E6BA0}.Release|x86.Build.0 = Release|Any CPU
		{9EA5EB0A-C875-4AE5-8678-DF8BBCBB153D}.Debug|Any CPU.ActiveCfg = Debug|Any CPU
		{9EA5EB0A-C875-4AE5-8678-DF8BBCBB153D}.Debug|Any CPU.Build.0 = Debug|Any CPU
		{9EA5EB0A-C875-4AE5-8678-DF8BBCBB153D}.Debug|ARM.ActiveCfg = Debug|Any CPU
		{9EA5EB0A-C875-4AE5-8678-DF8BBCBB153D}.Debug|ARM.Build.0 = Debug|Any CPU
		{9EA5EB0A-C875-4AE5-8678-DF8BBCBB153D}.Debug|iPhone.ActiveCfg = Debug|Any CPU
		{9EA5EB0A-C875-4AE5-8678-DF8BBCBB153D}.Debug|iPhone.Build.0 = Debug|Any CPU
		{9EA5EB0A-C875-4AE5-8678-DF8BBCBB153D}.Debug|iPhoneSimulator.ActiveCfg = Debug|Any CPU
		{9EA5EB0A-C875-4AE5-8678-DF8BBCBB153D}.Debug|iPhoneSimulator.Build.0 = Debug|Any CPU
		{9EA5EB0A-C875-4AE5-8678-DF8BBCBB153D}.Debug|x64.ActiveCfg = Debug|Any CPU
		{9EA5EB0A-C875-4AE5-8678-DF8BBCBB153D}.Debug|x64.Build.0 = Debug|Any CPU
		{9EA5EB0A-C875-4AE5-8678-DF8BBCBB153D}.Debug|x86.ActiveCfg = Debug|Any CPU
		{9EA5EB0A-C875-4AE5-8678-DF8BBCBB153D}.Debug|x86.Build.0 = Debug|Any CPU
		{9EA5EB0A-C875-4AE5-8678-DF8BBCBB153D}.Release|Any CPU.ActiveCfg = Release|Any CPU
		{9EA5EB0A-C875-4AE5-8678-DF8BBCBB153D}.Release|Any CPU.Build.0 = Release|Any CPU
		{9EA5EB0A-C875-4AE5-8678-DF8BBCBB153D}.Release|ARM.ActiveCfg = Release|Any CPU
		{9EA5EB0A-C875-4AE5-8678-DF8BBCBB153D}.Release|ARM.Build.0 = Release|Any CPU
		{9EA5EB0A-C875-4AE5-8678-DF8BBCBB153D}.Release|iPhone.ActiveCfg = Release|Any CPU
		{9EA5EB0A-C875-4AE5-8678-DF8BBCBB153D}.Release|iPhone.Build.0 = Release|Any CPU
		{9EA5EB0A-C875-4AE5-8678-DF8BBCBB153D}.Release|iPhoneSimulator.ActiveCfg = Release|Any CPU
		{9EA5EB0A-C875-4AE5-8678-DF8BBCBB153D}.Release|iPhoneSimulator.Build.0 = Release|Any CPU
		{9EA5EB0A-C875-4AE5-8678-DF8BBCBB153D}.Release|x64.ActiveCfg = Release|Any CPU
		{9EA5EB0A-C875-4AE5-8678-DF8BBCBB153D}.Release|x64.Build.0 = Release|Any CPU
		{9EA5EB0A-C875-4AE5-8678-DF8BBCBB153D}.Release|x86.ActiveCfg = Release|Any CPU
		{9EA5EB0A-C875-4AE5-8678-DF8BBCBB153D}.Release|x86.Build.0 = Release|Any CPU
		{61FE021E-E321-4925-A6D7-A8DF121BEDBA}.Debug|Any CPU.ActiveCfg = Debug|Any CPU
		{61FE021E-E321-4925-A6D7-A8DF121BEDBA}.Debug|Any CPU.Build.0 = Debug|Any CPU
		{61FE021E-E321-4925-A6D7-A8DF121BEDBA}.Debug|ARM.ActiveCfg = Debug|Any CPU
		{61FE021E-E321-4925-A6D7-A8DF121BEDBA}.Debug|ARM.Build.0 = Debug|Any CPU
		{61FE021E-E321-4925-A6D7-A8DF121BEDBA}.Debug|iPhone.ActiveCfg = Debug|Any CPU
		{61FE021E-E321-4925-A6D7-A8DF121BEDBA}.Debug|iPhone.Build.0 = Debug|Any CPU
		{61FE021E-E321-4925-A6D7-A8DF121BEDBA}.Debug|iPhoneSimulator.ActiveCfg = Debug|Any CPU
		{61FE021E-E321-4925-A6D7-A8DF121BEDBA}.Debug|iPhoneSimulator.Build.0 = Debug|Any CPU
		{61FE021E-E321-4925-A6D7-A8DF121BEDBA}.Debug|x64.ActiveCfg = Debug|Any CPU
		{61FE021E-E321-4925-A6D7-A8DF121BEDBA}.Debug|x64.Build.0 = Debug|Any CPU
		{61FE021E-E321-4925-A6D7-A8DF121BEDBA}.Debug|x86.ActiveCfg = Debug|Any CPU
		{61FE021E-E321-4925-A6D7-A8DF121BEDBA}.Debug|x86.Build.0 = Debug|Any CPU
		{61FE021E-E321-4925-A6D7-A8DF121BEDBA}.Release|Any CPU.ActiveCfg = Release|Any CPU
		{61FE021E-E321-4925-A6D7-A8DF121BEDBA}.Release|Any CPU.Build.0 = Release|Any CPU
		{61FE021E-E321-4925-A6D7-A8DF121BEDBA}.Release|ARM.ActiveCfg = Release|Any CPU
		{61FE021E-E321-4925-A6D7-A8DF121BEDBA}.Release|ARM.Build.0 = Release|Any CPU
		{61FE021E-E321-4925-A6D7-A8DF121BEDBA}.Release|iPhone.ActiveCfg = Release|Any CPU
		{61FE021E-E321-4925-A6D7-A8DF121BEDBA}.Release|iPhone.Build.0 = Release|Any CPU
		{61FE021E-E321-4925-A6D7-A8DF121BEDBA}.Release|iPhoneSimulator.ActiveCfg = Release|Any CPU
		{61FE021E-E321-4925-A6D7-A8DF121BEDBA}.Release|iPhoneSimulator.Build.0 = Release|Any CPU
		{61FE021E-E321-4925-A6D7-A8DF121BEDBA}.Release|x64.ActiveCfg = Release|Any CPU
		{61FE021E-E321-4925-A6D7-A8DF121BEDBA}.Release|x64.Build.0 = Release|Any CPU
		{61FE021E-E321-4925-A6D7-A8DF121BEDBA}.Release|x86.ActiveCfg = Release|Any CPU
		{61FE021E-E321-4925-A6D7-A8DF121BEDBA}.Release|x86.Build.0 = Release|Any CPU
		{7EDAF0B6-9F6A-4208-8AC0-1022284C4505}.Debug|Any CPU.ActiveCfg = Debug|Any CPU
		{7EDAF0B6-9F6A-4208-8AC0-1022284C4505}.Debug|Any CPU.Build.0 = Debug|Any CPU
		{7EDAF0B6-9F6A-4208-8AC0-1022284C4505}.Debug|ARM.ActiveCfg = Debug|Any CPU
		{7EDAF0B6-9F6A-4208-8AC0-1022284C4505}.Debug|ARM.Build.0 = Debug|Any CPU
		{7EDAF0B6-9F6A-4208-8AC0-1022284C4505}.Debug|iPhone.ActiveCfg = Debug|Any CPU
		{7EDAF0B6-9F6A-4208-8AC0-1022284C4505}.Debug|iPhone.Build.0 = Debug|Any CPU
		{7EDAF0B6-9F6A-4208-8AC0-1022284C4505}.Debug|iPhoneSimulator.ActiveCfg = Debug|Any CPU
		{7EDAF0B6-9F6A-4208-8AC0-1022284C4505}.Debug|iPhoneSimulator.Build.0 = Debug|Any CPU
		{7EDAF0B6-9F6A-4208-8AC0-1022284C4505}.Debug|x64.ActiveCfg = Debug|Any CPU
		{7EDAF0B6-9F6A-4208-8AC0-1022284C4505}.Debug|x64.Build.0 = Debug|Any CPU
		{7EDAF0B6-9F6A-4208-8AC0-1022284C4505}.Debug|x86.ActiveCfg = Debug|Any CPU
		{7EDAF0B6-9F6A-4208-8AC0-1022284C4505}.Debug|x86.Build.0 = Debug|Any CPU
		{7EDAF0B6-9F6A-4208-8AC0-1022284C4505}.Release|Any CPU.ActiveCfg = Release|Any CPU
		{7EDAF0B6-9F6A-4208-8AC0-1022284C4505}.Release|Any CPU.Build.0 = Release|Any CPU
		{7EDAF0B6-9F6A-4208-8AC0-1022284C4505}.Release|ARM.ActiveCfg = Release|Any CPU
		{7EDAF0B6-9F6A-4208-8AC0-1022284C4505}.Release|ARM.Build.0 = Release|Any CPU
		{7EDAF0B6-9F6A-4208-8AC0-1022284C4505}.Release|iPhone.ActiveCfg = Release|Any CPU
		{7EDAF0B6-9F6A-4208-8AC0-1022284C4505}.Release|iPhone.Build.0 = Release|Any CPU
		{7EDAF0B6-9F6A-4208-8AC0-1022284C4505}.Release|iPhoneSimulator.ActiveCfg = Release|Any CPU
		{7EDAF0B6-9F6A-4208-8AC0-1022284C4505}.Release|iPhoneSimulator.Build.0 = Release|Any CPU
		{7EDAF0B6-9F6A-4208-8AC0-1022284C4505}.Release|x64.ActiveCfg = Release|Any CPU
		{7EDAF0B6-9F6A-4208-8AC0-1022284C4505}.Release|x64.Build.0 = Release|Any CPU
		{7EDAF0B6-9F6A-4208-8AC0-1022284C4505}.Release|x86.ActiveCfg = Release|Any CPU
		{7EDAF0B6-9F6A-4208-8AC0-1022284C4505}.Release|x86.Build.0 = Release|Any CPU
		{BAFB8B84-896A-4B47-B4D8-43E3D41C3CCB}.Debug|Any CPU.ActiveCfg = Debug|Any CPU
		{BAFB8B84-896A-4B47-B4D8-43E3D41C3CCB}.Debug|Any CPU.Build.0 = Debug|Any CPU
		{BAFB8B84-896A-4B47-B4D8-43E3D41C3CCB}.Debug|ARM.ActiveCfg = Debug|Any CPU
		{BAFB8B84-896A-4B47-B4D8-43E3D41C3CCB}.Debug|ARM.Build.0 = Debug|Any CPU
		{BAFB8B84-896A-4B47-B4D8-43E3D41C3CCB}.Debug|iPhone.ActiveCfg = Debug|Any CPU
		{BAFB8B84-896A-4B47-B4D8-43E3D41C3CCB}.Debug|iPhone.Build.0 = Debug|Any CPU
		{BAFB8B84-896A-4B47-B4D8-43E3D41C3CCB}.Debug|iPhoneSimulator.ActiveCfg = Debug|Any CPU
		{BAFB8B84-896A-4B47-B4D8-43E3D41C3CCB}.Debug|iPhoneSimulator.Build.0 = Debug|Any CPU
		{BAFB8B84-896A-4B47-B4D8-43E3D41C3CCB}.Debug|x64.ActiveCfg = Debug|Any CPU
		{BAFB8B84-896A-4B47-B4D8-43E3D41C3CCB}.Debug|x64.Build.0 = Debug|Any CPU
		{BAFB8B84-896A-4B47-B4D8-43E3D41C3CCB}.Debug|x86.ActiveCfg = Debug|Any CPU
		{BAFB8B84-896A-4B47-B4D8-43E3D41C3CCB}.Debug|x86.Build.0 = Debug|Any CPU
		{BAFB8B84-896A-4B47-B4D8-43E3D41C3CCB}.Release|Any CPU.ActiveCfg = Release|Any CPU
		{BAFB8B84-896A-4B47-B4D8-43E3D41C3CCB}.Release|Any CPU.Build.0 = Release|Any CPU
		{BAFB8B84-896A-4B47-B4D8-43E3D41C3CCB}.Release|ARM.ActiveCfg = Release|Any CPU
		{BAFB8B84-896A-4B47-B4D8-43E3D41C3CCB}.Release|ARM.Build.0 = Release|Any CPU
		{BAFB8B84-896A-4B47-B4D8-43E3D41C3CCB}.Release|iPhone.ActiveCfg = Release|Any CPU
		{BAFB8B84-896A-4B47-B4D8-43E3D41C3CCB}.Release|iPhone.Build.0 = Release|Any CPU
		{BAFB8B84-896A-4B47-B4D8-43E3D41C3CCB}.Release|iPhoneSimulator.ActiveCfg = Release|Any CPU
		{BAFB8B84-896A-4B47-B4D8-43E3D41C3CCB}.Release|iPhoneSimulator.Build.0 = Release|Any CPU
		{BAFB8B84-896A-4B47-B4D8-43E3D41C3CCB}.Release|x64.ActiveCfg = Release|Any CPU
		{BAFB8B84-896A-4B47-B4D8-43E3D41C3CCB}.Release|x64.Build.0 = Release|Any CPU
		{BAFB8B84-896A-4B47-B4D8-43E3D41C3CCB}.Release|x86.ActiveCfg = Release|Any CPU
		{BAFB8B84-896A-4B47-B4D8-43E3D41C3CCB}.Release|x86.Build.0 = Release|Any CPU
		{7D27D0B4-7804-4921-BCBE-1D2A0D457499}.Debug|Any CPU.ActiveCfg = Debug|Any CPU
		{7D27D0B4-7804-4921-BCBE-1D2A0D457499}.Debug|Any CPU.Build.0 = Debug|Any CPU
		{7D27D0B4-7804-4921-BCBE-1D2A0D457499}.Debug|ARM.ActiveCfg = Debug|Any CPU
		{7D27D0B4-7804-4921-BCBE-1D2A0D457499}.Debug|ARM.Build.0 = Debug|Any CPU
		{7D27D0B4-7804-4921-BCBE-1D2A0D457499}.Debug|iPhone.ActiveCfg = Debug|Any CPU
		{7D27D0B4-7804-4921-BCBE-1D2A0D457499}.Debug|iPhone.Build.0 = Debug|Any CPU
		{7D27D0B4-7804-4921-BCBE-1D2A0D457499}.Debug|iPhoneSimulator.ActiveCfg = Debug|Any CPU
		{7D27D0B4-7804-4921-BCBE-1D2A0D457499}.Debug|iPhoneSimulator.Build.0 = Debug|Any CPU
		{7D27D0B4-7804-4921-BCBE-1D2A0D457499}.Debug|x64.ActiveCfg = Debug|Any CPU
		{7D27D0B4-7804-4921-BCBE-1D2A0D457499}.Debug|x64.Build.0 = Debug|Any CPU
		{7D27D0B4-7804-4921-BCBE-1D2A0D457499}.Debug|x86.ActiveCfg = Debug|Any CPU
		{7D27D0B4-7804-4921-BCBE-1D2A0D457499}.Debug|x86.Build.0 = Debug|Any CPU
		{7D27D0B4-7804-4921-BCBE-1D2A0D457499}.Release|Any CPU.ActiveCfg = Release|Any CPU
		{7D27D0B4-7804-4921-BCBE-1D2A0D457499}.Release|Any CPU.Build.0 = Release|Any CPU
		{7D27D0B4-7804-4921-BCBE-1D2A0D457499}.Release|ARM.ActiveCfg = Release|Any CPU
		{7D27D0B4-7804-4921-BCBE-1D2A0D457499}.Release|ARM.Build.0 = Release|Any CPU
		{7D27D0B4-7804-4921-BCBE-1D2A0D457499}.Release|iPhone.ActiveCfg = Release|Any CPU
		{7D27D0B4-7804-4921-BCBE-1D2A0D457499}.Release|iPhone.Build.0 = Release|Any CPU
		{7D27D0B4-7804-4921-BCBE-1D2A0D457499}.Release|iPhoneSimulator.ActiveCfg = Release|Any CPU
		{7D27D0B4-7804-4921-BCBE-1D2A0D457499}.Release|iPhoneSimulator.Build.0 = Release|Any CPU
		{7D27D0B4-7804-4921-BCBE-1D2A0D457499}.Release|x64.ActiveCfg = Release|Any CPU
		{7D27D0B4-7804-4921-BCBE-1D2A0D457499}.Release|x64.Build.0 = Release|Any CPU
		{7D27D0B4-7804-4921-BCBE-1D2A0D457499}.Release|x86.ActiveCfg = Release|Any CPU
		{7D27D0B4-7804-4921-BCBE-1D2A0D457499}.Release|x86.Build.0 = Release|Any CPU
		{06B06285-FEBB-4279-B914-D7BCD4EFF8F5}.Debug|Any CPU.ActiveCfg = Debug|Any CPU
		{06B06285-FEBB-4279-B914-D7BCD4EFF8F5}.Debug|Any CPU.Build.0 = Debug|Any CPU
		{06B06285-FEBB-4279-B914-D7BCD4EFF8F5}.Debug|ARM.ActiveCfg = Debug|Any CPU
		{06B06285-FEBB-4279-B914-D7BCD4EFF8F5}.Debug|ARM.Build.0 = Debug|Any CPU
		{06B06285-FEBB-4279-B914-D7BCD4EFF8F5}.Debug|iPhone.ActiveCfg = Debug|Any CPU
		{06B06285-FEBB-4279-B914-D7BCD4EFF8F5}.Debug|iPhone.Build.0 = Debug|Any CPU
		{06B06285-FEBB-4279-B914-D7BCD4EFF8F5}.Debug|iPhoneSimulator.ActiveCfg = Debug|Any CPU
		{06B06285-FEBB-4279-B914-D7BCD4EFF8F5}.Debug|iPhoneSimulator.Build.0 = Debug|Any CPU
		{06B06285-FEBB-4279-B914-D7BCD4EFF8F5}.Debug|x64.ActiveCfg = Debug|Any CPU
		{06B06285-FEBB-4279-B914-D7BCD4EFF8F5}.Debug|x64.Build.0 = Debug|Any CPU
		{06B06285-FEBB-4279-B914-D7BCD4EFF8F5}.Debug|x86.ActiveCfg = Debug|Any CPU
		{06B06285-FEBB-4279-B914-D7BCD4EFF8F5}.Debug|x86.Build.0 = Debug|Any CPU
		{06B06285-FEBB-4279-B914-D7BCD4EFF8F5}.Release|Any CPU.ActiveCfg = Release|Any CPU
		{06B06285-FEBB-4279-B914-D7BCD4EFF8F5}.Release|Any CPU.Build.0 = Release|Any CPU
		{06B06285-FEBB-4279-B914-D7BCD4EFF8F5}.Release|ARM.ActiveCfg = Release|Any CPU
		{06B06285-FEBB-4279-B914-D7BCD4EFF8F5}.Release|ARM.Build.0 = Release|Any CPU
		{06B06285-FEBB-4279-B914-D7BCD4EFF8F5}.Release|iPhone.ActiveCfg = Release|Any CPU
		{06B06285-FEBB-4279-B914-D7BCD4EFF8F5}.Release|iPhone.Build.0 = Release|Any CPU
		{06B06285-FEBB-4279-B914-D7BCD4EFF8F5}.Release|iPhoneSimulator.ActiveCfg = Release|Any CPU
		{06B06285-FEBB-4279-B914-D7BCD4EFF8F5}.Release|iPhoneSimulator.Build.0 = Release|Any CPU
		{06B06285-FEBB-4279-B914-D7BCD4EFF8F5}.Release|x64.ActiveCfg = Release|Any CPU
		{06B06285-FEBB-4279-B914-D7BCD4EFF8F5}.Release|x64.Build.0 = Release|Any CPU
		{06B06285-FEBB-4279-B914-D7BCD4EFF8F5}.Release|x86.ActiveCfg = Release|Any CPU
		{06B06285-FEBB-4279-B914-D7BCD4EFF8F5}.Release|x86.Build.0 = Release|Any CPU
		{EFD4CF85-89F5-480C-AA0C-B8DEA78749D6}.Debug|Any CPU.ActiveCfg = Debug|Any CPU
		{EFD4CF85-89F5-480C-AA0C-B8DEA78749D6}.Debug|Any CPU.Build.0 = Debug|Any CPU
		{EFD4CF85-89F5-480C-AA0C-B8DEA78749D6}.Debug|ARM.ActiveCfg = Debug|Any CPU
		{EFD4CF85-89F5-480C-AA0C-B8DEA78749D6}.Debug|ARM.Build.0 = Debug|Any CPU
		{EFD4CF85-89F5-480C-AA0C-B8DEA78749D6}.Debug|iPhone.ActiveCfg = Debug|Any CPU
		{EFD4CF85-89F5-480C-AA0C-B8DEA78749D6}.Debug|iPhone.Build.0 = Debug|Any CPU
		{EFD4CF85-89F5-480C-AA0C-B8DEA78749D6}.Debug|iPhoneSimulator.ActiveCfg = Debug|Any CPU
		{EFD4CF85-89F5-480C-AA0C-B8DEA78749D6}.Debug|iPhoneSimulator.Build.0 = Debug|Any CPU
		{EFD4CF85-89F5-480C-AA0C-B8DEA78749D6}.Debug|x64.ActiveCfg = Debug|Any CPU
		{EFD4CF85-89F5-480C-AA0C-B8DEA78749D6}.Debug|x64.Build.0 = Debug|Any CPU
		{EFD4CF85-89F5-480C-AA0C-B8DEA78749D6}.Debug|x86.ActiveCfg = Debug|Any CPU
		{EFD4CF85-89F5-480C-AA0C-B8DEA78749D6}.Debug|x86.Build.0 = Debug|Any CPU
		{EFD4CF85-89F5-480C-AA0C-B8DEA78749D6}.Release|Any CPU.ActiveCfg = Release|Any CPU
		{EFD4CF85-89F5-480C-AA0C-B8DEA78749D6}.Release|Any CPU.Build.0 = Release|Any CPU
		{EFD4CF85-89F5-480C-AA0C-B8DEA78749D6}.Release|ARM.ActiveCfg = Release|Any CPU
		{EFD4CF85-89F5-480C-AA0C-B8DEA78749D6}.Release|ARM.Build.0 = Release|Any CPU
		{EFD4CF85-89F5-480C-AA0C-B8DEA78749D6}.Release|iPhone.ActiveCfg = Release|Any CPU
		{EFD4CF85-89F5-480C-AA0C-B8DEA78749D6}.Release|iPhone.Build.0 = Release|Any CPU
		{EFD4CF85-89F5-480C-AA0C-B8DEA78749D6}.Release|iPhoneSimulator.ActiveCfg = Release|Any CPU
		{EFD4CF85-89F5-480C-AA0C-B8DEA78749D6}.Release|iPhoneSimulator.Build.0 = Release|Any CPU
		{EFD4CF85-89F5-480C-AA0C-B8DEA78749D6}.Release|x64.ActiveCfg = Release|Any CPU
		{EFD4CF85-89F5-480C-AA0C-B8DEA78749D6}.Release|x64.Build.0 = Release|Any CPU
		{EFD4CF85-89F5-480C-AA0C-B8DEA78749D6}.Release|x86.ActiveCfg = Release|Any CPU
		{EFD4CF85-89F5-480C-AA0C-B8DEA78749D6}.Release|x86.Build.0 = Release|Any CPU
		{1125A7F2-753D-44AD-9502-6855EF3083C8}.Debug|Any CPU.ActiveCfg = Debug|Any CPU
		{1125A7F2-753D-44AD-9502-6855EF3083C8}.Debug|Any CPU.Build.0 = Debug|Any CPU
		{1125A7F2-753D-44AD-9502-6855EF3083C8}.Debug|ARM.ActiveCfg = Debug|Any CPU
		{1125A7F2-753D-44AD-9502-6855EF3083C8}.Debug|ARM.Build.0 = Debug|Any CPU
		{1125A7F2-753D-44AD-9502-6855EF3083C8}.Debug|iPhone.ActiveCfg = Debug|Any CPU
		{1125A7F2-753D-44AD-9502-6855EF3083C8}.Debug|iPhone.Build.0 = Debug|Any CPU
		{1125A7F2-753D-44AD-9502-6855EF3083C8}.Debug|iPhoneSimulator.ActiveCfg = Debug|Any CPU
		{1125A7F2-753D-44AD-9502-6855EF3083C8}.Debug|iPhoneSimulator.Build.0 = Debug|Any CPU
		{1125A7F2-753D-44AD-9502-6855EF3083C8}.Debug|x64.ActiveCfg = Debug|Any CPU
		{1125A7F2-753D-44AD-9502-6855EF3083C8}.Debug|x64.Build.0 = Debug|Any CPU
		{1125A7F2-753D-44AD-9502-6855EF3083C8}.Debug|x86.ActiveCfg = Debug|Any CPU
		{1125A7F2-753D-44AD-9502-6855EF3083C8}.Debug|x86.Build.0 = Debug|Any CPU
		{1125A7F2-753D-44AD-9502-6855EF3083C8}.Release|Any CPU.ActiveCfg = Release|Any CPU
		{1125A7F2-753D-44AD-9502-6855EF3083C8}.Release|Any CPU.Build.0 = Release|Any CPU
		{1125A7F2-753D-44AD-9502-6855EF3083C8}.Release|ARM.ActiveCfg = Release|Any CPU
		{1125A7F2-753D-44AD-9502-6855EF3083C8}.Release|ARM.Build.0 = Release|Any CPU
		{1125A7F2-753D-44AD-9502-6855EF3083C8}.Release|iPhone.ActiveCfg = Release|Any CPU
		{1125A7F2-753D-44AD-9502-6855EF3083C8}.Release|iPhone.Build.0 = Release|Any CPU
		{1125A7F2-753D-44AD-9502-6855EF3083C8}.Release|iPhoneSimulator.ActiveCfg = Release|Any CPU
		{1125A7F2-753D-44AD-9502-6855EF3083C8}.Release|iPhoneSimulator.Build.0 = Release|Any CPU
		{1125A7F2-753D-44AD-9502-6855EF3083C8}.Release|x64.ActiveCfg = Release|Any CPU
		{1125A7F2-753D-44AD-9502-6855EF3083C8}.Release|x64.Build.0 = Release|Any CPU
		{1125A7F2-753D-44AD-9502-6855EF3083C8}.Release|x86.ActiveCfg = Release|Any CPU
		{1125A7F2-753D-44AD-9502-6855EF3083C8}.Release|x86.Build.0 = Release|Any CPU
		{86C0DA1B-3AC3-4231-875B-B9521D921068}.Debug|Any CPU.ActiveCfg = Debug|Any CPU
		{86C0DA1B-3AC3-4231-875B-B9521D921068}.Debug|Any CPU.Build.0 = Debug|Any CPU
		{86C0DA1B-3AC3-4231-875B-B9521D921068}.Debug|ARM.ActiveCfg = Debug|Any CPU
		{86C0DA1B-3AC3-4231-875B-B9521D921068}.Debug|ARM.Build.0 = Debug|Any CPU
		{86C0DA1B-3AC3-4231-875B-B9521D921068}.Debug|iPhone.ActiveCfg = Debug|Any CPU
		{86C0DA1B-3AC3-4231-875B-B9521D921068}.Debug|iPhone.Build.0 = Debug|Any CPU
		{86C0DA1B-3AC3-4231-875B-B9521D921068}.Debug|iPhoneSimulator.ActiveCfg = Debug|Any CPU
		{86C0DA1B-3AC3-4231-875B-B9521D921068}.Debug|iPhoneSimulator.Build.0 = Debug|Any CPU
		{86C0DA1B-3AC3-4231-875B-B9521D921068}.Debug|x64.ActiveCfg = Debug|Any CPU
		{86C0DA1B-3AC3-4231-875B-B9521D921068}.Debug|x64.Build.0 = Debug|Any CPU
		{86C0DA1B-3AC3-4231-875B-B9521D921068}.Debug|x86.ActiveCfg = Debug|Any CPU
		{86C0DA1B-3AC3-4231-875B-B9521D921068}.Debug|x86.Build.0 = Debug|Any CPU
		{86C0DA1B-3AC3-4231-875B-B9521D921068}.Release|Any CPU.ActiveCfg = Release|Any CPU
		{86C0DA1B-3AC3-4231-875B-B9521D921068}.Release|Any CPU.Build.0 = Release|Any CPU
		{86C0DA1B-3AC3-4231-875B-B9521D921068}.Release|ARM.ActiveCfg = Release|Any CPU
		{86C0DA1B-3AC3-4231-875B-B9521D921068}.Release|ARM.Build.0 = Release|Any CPU
		{86C0DA1B-3AC3-4231-875B-B9521D921068}.Release|iPhone.ActiveCfg = Release|Any CPU
		{86C0DA1B-3AC3-4231-875B-B9521D921068}.Release|iPhone.Build.0 = Release|Any CPU
		{86C0DA1B-3AC3-4231-875B-B9521D921068}.Release|iPhoneSimulator.ActiveCfg = Release|Any CPU
		{86C0DA1B-3AC3-4231-875B-B9521D921068}.Release|iPhoneSimulator.Build.0 = Release|Any CPU
		{86C0DA1B-3AC3-4231-875B-B9521D921068}.Release|x64.ActiveCfg = Release|Any CPU
		{86C0DA1B-3AC3-4231-875B-B9521D921068}.Release|x64.Build.0 = Release|Any CPU
		{86C0DA1B-3AC3-4231-875B-B9521D921068}.Release|x86.ActiveCfg = Release|Any CPU
		{86C0DA1B-3AC3-4231-875B-B9521D921068}.Release|x86.Build.0 = Release|Any CPU
		{4B1C467C-2BF0-4257-B2C3-A505E6221A37}.Debug|Any CPU.ActiveCfg = Debug|Any CPU
		{4B1C467C-2BF0-4257-B2C3-A505E6221A37}.Debug|Any CPU.Build.0 = Debug|Any CPU
		{4B1C467C-2BF0-4257-B2C3-A505E6221A37}.Debug|ARM.ActiveCfg = Debug|Any CPU
		{4B1C467C-2BF0-4257-B2C3-A505E6221A37}.Debug|ARM.Build.0 = Debug|Any CPU
		{4B1C467C-2BF0-4257-B2C3-A505E6221A37}.Debug|iPhone.ActiveCfg = Debug|Any CPU
		{4B1C467C-2BF0-4257-B2C3-A505E6221A37}.Debug|iPhone.Build.0 = Debug|Any CPU
		{4B1C467C-2BF0-4257-B2C3-A505E6221A37}.Debug|iPhoneSimulator.ActiveCfg = Debug|Any CPU
		{4B1C467C-2BF0-4257-B2C3-A505E6221A37}.Debug|iPhoneSimulator.Build.0 = Debug|Any CPU
		{4B1C467C-2BF0-4257-B2C3-A505E6221A37}.Debug|x64.ActiveCfg = Debug|Any CPU
		{4B1C467C-2BF0-4257-B2C3-A505E6221A37}.Debug|x64.Build.0 = Debug|Any CPU
		{4B1C467C-2BF0-4257-B2C3-A505E6221A37}.Debug|x86.ActiveCfg = Debug|Any CPU
		{4B1C467C-2BF0-4257-B2C3-A505E6221A37}.Debug|x86.Build.0 = Debug|Any CPU
		{4B1C467C-2BF0-4257-B2C3-A505E6221A37}.Release|Any CPU.ActiveCfg = Release|Any CPU
		{4B1C467C-2BF0-4257-B2C3-A505E6221A37}.Release|Any CPU.Build.0 = Release|Any CPU
		{4B1C467C-2BF0-4257-B2C3-A505E6221A37}.Release|ARM.ActiveCfg = Release|Any CPU
		{4B1C467C-2BF0-4257-B2C3-A505E6221A37}.Release|ARM.Build.0 = Release|Any CPU
		{4B1C467C-2BF0-4257-B2C3-A505E6221A37}.Release|iPhone.ActiveCfg = Release|Any CPU
		{4B1C467C-2BF0-4257-B2C3-A505E6221A37}.Release|iPhone.Build.0 = Release|Any CPU
		{4B1C467C-2BF0-4257-B2C3-A505E6221A37}.Release|iPhoneSimulator.ActiveCfg = Release|Any CPU
		{4B1C467C-2BF0-4257-B2C3-A505E6221A37}.Release|iPhoneSimulator.Build.0 = Release|Any CPU
		{4B1C467C-2BF0-4257-B2C3-A505E6221A37}.Release|x64.ActiveCfg = Release|Any CPU
		{4B1C467C-2BF0-4257-B2C3-A505E6221A37}.Release|x64.Build.0 = Release|Any CPU
		{4B1C467C-2BF0-4257-B2C3-A505E6221A37}.Release|x86.ActiveCfg = Release|Any CPU
		{4B1C467C-2BF0-4257-B2C3-A505E6221A37}.Release|x86.Build.0 = Release|Any CPU
	EndGlobalSection
	GlobalSection(SolutionProperties) = preSolution
		HideSolutionNode = FALSE
	EndGlobalSection
	GlobalSection(NestedProjects) = preSolution
		{1E255AFA-D165-40A9-9D6C-A2F1C346FE5F} = {BEA1D37C-1C89-49F9-AD76-BF8A599C602D}
		{41C851A5-0043-4670-B0EB-5583172D832D} = {BEA1D37C-1C89-49F9-AD76-BF8A599C602D}
		{8052B66F-5A4F-4646-956E-8F67CE3846D9} = {BEA1D37C-1C89-49F9-AD76-BF8A599C602D}
		{43E60A3F-07E6-40EC-A485-A413A2526C79} = {BEA1D37C-1C89-49F9-AD76-BF8A599C602D}
		{1EF78F4C-57FE-49FC-86CF-CCF375133903} = {1E255AFA-D165-40A9-9D6C-A2F1C346FE5F}
		{DDAA7189-21BD-4036-B69F-192490C9E3B6} = {1E255AFA-D165-40A9-9D6C-A2F1C346FE5F}
		{63F18CFC-E187-47A1-BD00-081C2CE9AF3A} = {1E255AFA-D165-40A9-9D6C-A2F1C346FE5F}
		{9C843397-1E85-4846-856A-60930496F44F} = {1EF78F4C-57FE-49FC-86CF-CCF375133903}
		{9EECEC25-135A-440F-B490-29C3D2CC810A} = {DDAA7189-21BD-4036-B69F-192490C9E3B6}
		{A58461E5-10DE-4105-A8EE-8978B2360021} = {63F18CFC-E187-47A1-BD00-081C2CE9AF3A}
		{A9E7768E-99FB-448C-9490-04DECA7B12D0} = {021AB07E-82A1-4A09-9EC4-3DDD96669B26}
		{3052F3C3-2E37-4919-A3E6-6986335708D3} = {021AB07E-82A1-4A09-9EC4-3DDD96669B26}
		{44E1F8BF-B851-4802-BACF-908CD7BAD172} = {021AB07E-82A1-4A09-9EC4-3DDD96669B26}
		{4FD9C440-7F38-428E-AD59-9EBA92E2E309} = {021AB07E-82A1-4A09-9EC4-3DDD96669B26}
		{35D19294-7FAE-4E0B-B930-CFFB76E968E8} = {A9E7768E-99FB-448C-9490-04DECA7B12D0}
		{5A410831-DAEB-49B2-B9CE-9191F86D66B1} = {A9E7768E-99FB-448C-9490-04DECA7B12D0}
		{061C959C-6531-4DA2-B3A6-768C1EE750C8} = {5A410831-DAEB-49B2-B9CE-9191F86D66B1}
		{73E85E32-40EF-4B45-B966-86604F4B7DEB} = {5A410831-DAEB-49B2-B9CE-9191F86D66B1}
		{69DF1C35-DEA9-4569-AC24-290A89CA9C41} = {5A410831-DAEB-49B2-B9CE-9191F86D66B1}
		{DEA0DEA0-70BE-47AD-B6A2-1479CC8D9AA3} = {5A410831-DAEB-49B2-B9CE-9191F86D66B1}
		{E68A026F-2E7F-4E5B-B0A1-149C7F557556} = {44E1F8BF-B851-4802-BACF-908CD7BAD172}
		{F3500AE4-E40A-46AF-ADF5-4EBE99EFDC28} = {4FD9C440-7F38-428E-AD59-9EBA92E2E309}
		{8FE49628-B3D0-418A-8D49-AA3F1388783A} = {3EAE8CAE-94EF-4853-AE53-A466A40D8FE5}
		{193559E8-D620-4F9D-AC4E-271F1EE772C0} = {3EAE8CAE-94EF-4853-AE53-A466A40D8FE5}
		{F2649850-7E63-492F-92A1-FB7C7413D309} = {BEA1D37C-1C89-49F9-AD76-BF8A599C602D}
		{D755EA02-EC44-4E70-9CD4-D373E48E6BA0} = {F2649850-7E63-492F-92A1-FB7C7413D309}
		{9EA5EB0A-C875-4AE5-8678-DF8BBCBB153D} = {F2649850-7E63-492F-92A1-FB7C7413D309}
		{61FE021E-E321-4925-A6D7-A8DF121BEDBA} = {F2649850-7E63-492F-92A1-FB7C7413D309}
		{7EDAF0B6-9F6A-4208-8AC0-1022284C4505} = {F2649850-7E63-492F-92A1-FB7C7413D309}
		{BAFB8B84-896A-4B47-B4D8-43E3D41C3CCB} = {F2649850-7E63-492F-92A1-FB7C7413D309}
		{7D27D0B4-7804-4921-BCBE-1D2A0D457499} = {F2649850-7E63-492F-92A1-FB7C7413D309}
		{06B06285-FEBB-4279-B914-D7BCD4EFF8F5} = {F2649850-7E63-492F-92A1-FB7C7413D309}
		{EFD4CF85-89F5-480C-AA0C-B8DEA78749D6} = {CF6787DC-B735-4A64-BF79-FE806A21E08C}
		{CF6787DC-B735-4A64-BF79-FE806A21E08C} = {A9E7768E-99FB-448C-9490-04DECA7B12D0}
		{1125A7F2-753D-44AD-9502-6855EF3083C8} = {35D19294-7FAE-4E0B-B930-CFFB76E968E8}
		{91B75732-811C-436B-A9B9-643FB7C63A0E} = {BEA1D37C-1C89-49F9-AD76-BF8A599C602D}
		{86C0DA1B-3AC3-4231-875B-B9521D921068} = {91B75732-811C-436B-A9B9-643FB7C63A0E}
		{4B1C467C-2BF0-4257-B2C3-A505E6221A37} = {3052F3C3-2E37-4919-A3E6-6986335708D3}
	EndGlobalSection
	GlobalSection(ExtensibilityGlobals) = postSolution
		SolutionGuid = {7F1D5F47-22C8-4495-B84C-77E9D7B63401}
	EndGlobalSection
EndGlobal
